
Microsoft Visual Studio Solution File, Format Version 12.00
# Visual Studio Version 17
VisualStudioVersion = 17.9.34728.123
MinimumVisualStudioVersion = 10.0.40219.1
Project("{FAE04EC0-301F-11D3-BF4B-00C04F79EFBC}") = "Conversion is delegated_2", "Conversion is delegated_2\Conversion is delegated_2.csproj", "{144DDD13-0408-450D-BF7C-AC35F10948E4}"
EndProject
Global
	GlobalSection(SolutionConfigurationPlatforms) = preSolution
		Debug|Any CPU = Debug|Any CPU
		Release|Any CPU = Release|Any CPU
	EndGlobalSection
	GlobalSection(ProjectConfigurationPlatforms) = postSolution
		{144DDD13-0408-450D-BF7C-AC35F10948E4}.Debug|Any CPU.ActiveCfg = Debug|Any CPU
		{144DDD13-0408-450D-BF7C-AC35F10948E4}.Debug|Any CPU.Build.0 = Debug|Any CPU
		{144DDD13-0408-450D-BF7C-AC35F10948E4}.Release|Any CPU.ActiveCfg = Release|Any CPU
		{144DDD13-0408-450D-BF7C-AC35F10948E4}.Release|Any CPU.Build.0 = Release|Any CPU
	EndGlobalSection
	GlobalSection(SolutionProperties) = preSolution
		HideSolutionNode = FALSE
	EndGlobalSection
	GlobalSection(ExtensibilityGlobals) = postSolution
		SolutionGuid = {2B11A35C-6C50-4559-A855-7A7EABD7D54D}
	EndGlobalSection
EndGlobal
